
Microsoft Visual Studio Solution File, Format Version 12.00
# Visual Studio Version 17
VisualStudioVersion = 17.12.35209.166
MinimumVisualStudioVersion = 10.0.40219.1
Project("{FAE04EC0-301F-11D3-BF4B-00C04F79EFBC}") = "TradeWindsBlazorDevEx.web", "TradeWindsBlazorDevEx.web\TradeWindsBlazorDevEx.web.csproj", "{3FE6BE29-5262-458D-8B31-E037F874091C}"
EndProject
Project("{FAE04EC0-301F-11D3-BF4B-00C04F79EFBC}") = "TradeWindsBlazorDevEx", "TradeWindsBlazorDevEx\TradeWindsBlazorDevEx.csproj", "{BD075B8B-6812-42C2-BB11-6E271C5712A4}"
EndProject
Project("{FAE04EC0-301F-11D3-BF4B-00C04F79EFBC}") = "UnitTests", "UnitTests\UnitTests.csproj", "{B65DC30C-3FAC-4820-91B1-C6B6281B584F}"
EndProject
Global
	GlobalSection(SolutionConfigurationPlatforms) = preSolution
		Debug|Any CPU = Debug|Any CPU
		Release|Any CPU = Release|Any CPU
	EndGlobalSection
	GlobalSection(ProjectConfigurationPlatforms) = postSolution
		{3FE6BE29-5262-458D-8B31-E037F874091C}.Debug|Any CPU.ActiveCfg = Debug|Any CPU
		{3FE6BE29-5262-458D-8B31-E037F874091C}.Debug|Any CPU.Build.0 = Debug|Any CPU
		{3FE6BE29-5262-458D-8B31-E037F874091C}.Release|Any CPU.ActiveCfg = Release|Any CPU
		{3FE6BE29-5262-458D-8B31-E037F874091C}.Release|Any CPU.Build.0 = Release|Any CPU
		{BD075B8B-6812-42C2-BB11-6E271C5712A4}.Debug|Any CPU.ActiveCfg = Debug|Any CPU
		{BD075B8B-6812-42C2-BB11-6E271C5712A4}.Debug|Any CPU.Build.0 = Debug|Any CPU
		{BD075B8B-6812-42C2-BB11-6E271C5712A4}.Release|Any CPU.ActiveCfg = Release|Any CPU
		{BD075B8B-6812-42C2-BB11-6E271C5712A4}.Release|Any CPU.Build.0 = Release|Any CPU
		{B65DC30C-3FAC-4820-91B1-C6B6281B584F}.Debug|Any CPU.ActiveCfg = Debug|Any CPU
		{B65DC30C-3FAC-4820-91B1-C6B6281B584F}.Debug|Any CPU.Build.0 = Debug|Any CPU
		{B65DC30C-3FAC-4820-91B1-C6B6281B584F}.Release|Any CPU.ActiveCfg = Release|Any CPU
		{B65DC30C-3FAC-4820-91B1-C6B6281B584F}.Release|Any CPU.Build.0 = Release|Any CPU
	EndGlobalSection
	GlobalSection(SolutionProperties) = preSolution
		HideSolutionNode = FALSE
	EndGlobalSection
	GlobalSection(ExtensibilityGlobals) = postSolution
		SolutionGuid = {1F3CAF43-6D43-4A11-9A80-59B5C9036FC9}
	EndGlobalSection
EndGlobal
